
Microsoft Visual Studio Solution File, Format Version 12.00
# Visual Studio Version 17
VisualStudioVersion = 17.12.35728.132
MinimumVisualStudioVersion = 10.0.40219.1
Project("{FAE04EC0-301F-11D3-BF4B-00C04F79EFBC}") = "PortalUpskill.App", "PortalUpskill.App\PortalUpskill.App.csproj", "{A2C9DAFB-9F21-4C2C-823D-7E78170FF106}"
EndProject
Project("{FAE04EC0-301F-11D3-BF4B-00C04F79EFBC}") = "PortalUpskill.Data", "PortalUpskill.Data\PortalUpskill.Data.csproj", "{23818F46-7CE5-4F68-8AAE-4F3E0938FF2A}"
EndProject
Project("{FAE04EC0-301F-11D3-BF4B-00C04F79EFBC}") = "UpskillPortal.Api", "UpskillPortal.Api\UpskillPortal.Api.csproj", "{2EA51D5B-0D22-4A87-A6B4-DAA744D0EB82}"
EndProject
Global
	GlobalSection(SolutionConfigurationPlatforms) = preSolution
		Debug|Any CPU = Debug|Any CPU
		Release|Any CPU = Release|Any CPU
	EndGlobalSection
	GlobalSection(ProjectConfigurationPlatforms) = postSolution
		{A2C9DAFB-9F21-4C2C-823D-7E78170FF106}.Debug|Any CPU.ActiveCfg = Debug|Any CPU
		{A2C9DAFB-9F21-4C2C-823D-7E78170FF106}.Debug|Any CPU.Build.0 = Debug|Any CPU
		{A2C9DAFB-9F21-4C2C-823D-7E78170FF106}.Release|Any CPU.ActiveCfg = Release|Any CPU
		{A2C9DAFB-9F21-4C2C-823D-7E78170FF106}.Release|Any CPU.Build.0 = Release|Any CPU
		{23818F46-7CE5-4F68-8AAE-4F3E0938FF2A}.Debug|Any CPU.ActiveCfg = Debug|Any CPU
		{23818F46-7CE5-4F68-8AAE-4F3E0938FF2A}.Debug|Any CPU.Build.0 = Debug|Any CPU
		{23818F46-7CE5-4F68-8AAE-4F3E0938FF2A}.Release|Any CPU.ActiveCfg = Release|Any CPU
		{23818F46-7CE5-4F68-8AAE-4F3E0938FF2A}.Release|Any CPU.Build.0 = Release|Any CPU
		{2EA51D5B-0D22-4A87-A6B4-DAA744D0EB82}.Debug|Any CPU.ActiveCfg = Debug|Any CPU
		{2EA51D5B-0D22-4A87-A6B4-DAA744D0EB82}.Debug|Any CPU.Build.0 = Debug|Any CPU
		{2EA51D5B-0D22-4A87-A6B4-DAA744D0EB82}.Release|Any CPU.ActiveCfg = Release|Any CPU
		{2EA51D5B-0D22-4A87-A6B4-DAA744D0EB82}.Release|Any CPU.Build.0 = Release|Any CPU
	EndGlobalSection
	GlobalSection(SolutionProperties) = preSolution
		HideSolutionNode = FALSE
	EndGlobalSection
	GlobalSection(ExtensibilityGlobals) = postSolution
		SolutionGuid = {E542D90B-7D18-4DC5-8A2F-CDCF70A28FB6}
	EndGlobalSection
EndGlobal
